
Microsoft Visual Studio Solution File, Format Version 12.00
# Visual Studio Version 16
VisualStudioVersion = 16.0.30114.105
MinimumVisualStudioVersion = 10.0.40219.1
Project("{FAE04EC0-301F-11D3-BF4B-00C04F79EFBC}") = "StyleHelper", "StyleHelper\StyleHelper.csproj", "{EC88D257-367E-4957-952F-6FADE1EE37CD}"
EndProject
Global
	GlobalSection(SolutionConfigurationPlatforms) = preSolution
		Debug|Any CPU = Debug|Any CPU
		Release|Any CPU = Release|Any CPU
	EndGlobalSection
	GlobalSection(SolutionProperties) = preSolution
		HideSolutionNode = FALSE
	EndGlobalSection
	GlobalSection(ProjectConfigurationPlatforms) = postSolution
		{EC88D257-367E-4957-952F-6FADE1EE37CD}.Debug|Any CPU.ActiveCfg = Debug|Any CPU
		{EC88D257-367E-4957-952F-6FADE1EE37CD}.Debug|Any CPU.Build.0 = Debug|Any CPU
		{EC88D257-367E-4957-952F-6FADE1EE37CD}.Release|Any CPU.ActiveCfg = Release|Any CPU
		{EC88D257-367E-4957-952F-6FADE1EE37CD}.Release|Any CPU.Build.0 = Release|Any CPU
	EndGlobalSection
EndGlobal
